
Microsoft Visual Studio Solution File, Format Version 12.00
# Visual Studio 15
VisualStudioVersion = 15.0.28307.852
MinimumVisualStudioVersion = 10.0.40219.1
Project("{8BC9CEB8-8B4A-11D0-8D11-00A0C91BC942}") = "SortXoar", "SortXoar\SortXoar.vcxproj", "{FB80C4F6-245D-4B40-85E3-B320F2267241}"
EndProject
Global
	GlobalSection(SolutionConfigurationPlatforms) = preSolution
		Debug|x64 = Debug|x64
		Debug|x86 = Debug|x86
		Release|x64 = Release|x64
		Release|x86 = Release|x86
	EndGlobalSection
	GlobalSection(ProjectConfigurationPlatforms) = postSolution
		{FB80C4F6-245D-4B40-85E3-B320F2267241}.Debug|x64.ActiveCfg = Debug|x64
		{FB80C4F6-245D-4B40-85E3-B320F2267241}.Debug|x64.Build.0 = Debug|x64
		{FB80C4F6-245D-4B40-85E3-B320F2267241}.Debug|x86.ActiveCfg = Debug|Win32
		{FB80C4F6-245D-4B40-85E3-B320F2267241}.Debug|x86.Build.0 = Debug|Win32
		{FB80C4F6-245D-4B40-85E3-B320F2267241}.Release|x64.ActiveCfg = Release|x64
		{FB80C4F6-245D-4B40-85E3-B320F2267241}.Release|x64.Build.0 = Release|x64
		{FB80C4F6-245D-4B40-85E3-B320F2267241}.Release|x86.ActiveCfg = Release|Win32
		{FB80C4F6-245D-4B40-85E3-B320F2267241}.Release|x86.Build.0 = Release|Win32
	EndGlobalSection
	GlobalSection(SolutionProperties) = preSolution
		HideSolutionNode = FALSE
	EndGlobalSection
	GlobalSection(ExtensibilityGlobals) = postSolution
		SolutionGuid = {826C1A51-F7AE-4F4E-9C04-9CDE564BFCD1}
	EndGlobalSection
EndGlobal
